// !$*UTF8*$!
{
	archiveVersion = 1;
	classes = {
	};
	objectVersion = 46;
	objects = {

/* Begin PBXBuildFile section */
		13824BC71B215C2700EEE019 /* Preferences.m in Sources */ = {isa = PBXBuildFile; fileRef = 13824BC61B215C2700EEE019 /* Preferences.m */; };
		13824BCD1B21DD2F00EEE019 /* Arbitration.m in Sources */ = {isa = PBXBuildFile; fileRef = 13824BCC1B21DD2F00EEE019 /* Arbitration.m */; };
		13904C5F1B23F7AA0055253A /* STPrivilegedTask.m in Sources */ = {isa = PBXBuildFile; fileRef = 13904C5E1B23F7AA0055253A /* STPrivilegedTask.m */; };
		13904C661B24B93E0055253A /* CommandLine.m in Sources */ = {isa = PBXBuildFile; fileRef = 13904C651B24B93E0055253A /* CommandLine.m */; };
		13904C691B2522C60055253A /* NSString+NTFS_OSX.m in Sources */ = {isa = PBXBuildFile; fileRef = 13904C681B2522C60055253A /* NSString+NTFS_OSX.m */; };
		13CDB3A71B1FF08D00A8A374 /* AppDelegate.m in Sources */ = {isa = PBXBuildFile; fileRef = 13CDB3A61B1FF08D00A8A374 /* AppDelegate.m */; };
		13CDB3A91B1FF08D00A8A374 /* main.m in Sources */ = {isa = PBXBuildFile; fileRef = 13CDB3A81B1FF08D00A8A374 /* main.m */; };
		13CDB3AB1B1FF08D00A8A374 /* Images.xcassets in Resources */ = {isa = PBXBuildFile; fileRef = 13CDB3AA1B1FF08D00A8A374 /* Images.xcassets */; };
		13CDB3AE1B1FF08D00A8A374 /* MainMenu.xib in Resources */ = {isa = PBXBuildFile; fileRef = 13CDB3AC1B1FF08D00A8A374 /* MainMenu.xib */; };
		13CDB3BA1B1FF08E00A8A374 /* NTFS_OSXTests.m in Sources */ = {isa = PBXBuildFile; fileRef = 13CDB3B91B1FF08E00A8A374 /* NTFS_OSXTests.m */; };
		13CDB3C71B1FFA2D00A8A374 /* NTFSApp.m in Sources */ = {isa = PBXBuildFile; fileRef = 13CDB3C61B1FFA2D00A8A374 /* NTFSApp.m */; };
		13CDB3CA1B1FFD4E00A8A374 /* ntfs_osx.png in Resources */ = {isa = PBXBuildFile; fileRef = 13CDB3C91B1FFD4E00A8A374 /* ntfs_osx.png */; };
		9C1DA1871B26597000B596CB /* LaunchService.m in Sources */ = {isa = PBXBuildFile; fileRef = 9C1DA1861B26597000B596CB /* LaunchService.m */; };
		9C5A30091B28D9B300BE77C2 /* ProgressController.m in Sources */ = {isa = PBXBuildFile; fileRef = 9C5A30071B28D9B300BE77C2 /* ProgressController.m */; };
		9C5A300A1B28D9B300BE77C2 /* ProgressController.xib in Resources */ = {isa = PBXBuildFile; fileRef = 9C5A30081B28D9B300BE77C2 /* ProgressController.xib */; };
		9C8CA2A81B275AF5009D4DA5 /* ServiceManagement.framework in Frameworks */ = {isa = PBXBuildFile; fileRef = 9C8CA2A71B275AF5009D4DA5 /* ServiceManagement.framework */; };
		9CC369F21B27719E002D535B /* Constants.m in Sources */ = {isa = PBXBuildFile; fileRef = 9CC369F11B27719E002D535B /* Constants.m */; };
		9CEDC63A1B2250DD0008E929 /* Disk.m in Sources */ = {isa = PBXBuildFile; fileRef = 9CEDC6391B2250DD0008E929 /* Disk.m */; };
/* End PBXBuildFile section */

/* Begin PBXContainerItemProxy section */
		13CDB3B41B1FF08E00A8A374 /* PBXContainerItemProxy */ = {
			isa = PBXContainerItemProxy;
			containerPortal = 13CDB3981B1FF08D00A8A374 /* Project object */;
			proxyType = 1;
			remoteGlobalIDString = 13CDB39F1B1FF08D00A8A374;
			remoteInfo = "NTFS-OSX";
		};
/* End PBXContainerItemProxy section */

/* Begin PBXFileReference section */
		13824BC51B215C2700EEE019 /* Preferences.h */ = {isa = PBXFileReference; fileEncoding = 4; lastKnownFileType = sourcecode.c.h; path = Preferences.h; sourceTree = "<group>"; };
		13824BC61B215C2700EEE019 /* Preferences.m */ = {isa = PBXFileReference; fileEncoding = 4; lastKnownFileType = sourcecode.c.objc; path = Preferences.m; sourceTree = "<group>"; };
		13824BCB1B21DD2F00EEE019 /* Arbitration.h */ = {isa = PBXFileReference; fileEncoding = 4; lastKnownFileType = sourcecode.c.h; path = Arbitration.h; sourceTree = "<group>"; };
		13824BCC1B21DD2F00EEE019 /* Arbitration.m */ = {isa = PBXFileReference; fileEncoding = 4; lastKnownFileType = sourcecode.c.objc; path = Arbitration.m; sourceTree = "<group>"; };
		13904C5C1B22A5430055253A /* NTFS-OSX-Prefix.pch */ = {isa = PBXFileReference; fileEncoding = 4; lastKnownFileType = sourcecode.c.h; path = "NTFS-OSX-Prefix.pch"; sourceTree = "<group>"; };
		13904C5D1B23F7AA0055253A /* STPrivilegedTask.h */ = {isa = PBXFileReference; fileEncoding = 4; lastKnownFileType = sourcecode.c.h; path = STPrivilegedTask.h; sourceTree = "<group>"; };
		13904C5E1B23F7AA0055253A /* STPrivilegedTask.m */ = {isa = PBXFileReference; fileEncoding = 4; lastKnownFileType = sourcecode.c.objc; path = STPrivilegedTask.m; sourceTree = "<group>"; };
		13904C641B24B93E0055253A /* CommandLine.h */ = {isa = PBXFileReference; fileEncoding = 4; lastKnownFileType = sourcecode.c.h; path = CommandLine.h; sourceTree = "<group>"; };
		13904C651B24B93E0055253A /* CommandLine.m */ = {isa = PBXFileReference; fileEncoding = 4; lastKnownFileType = sourcecode.c.objc; path = CommandLine.m; sourceTree = "<group>"; };
		13904C671B2522C60055253A /* NSString+NTFS_OSX.h */ = {isa = PBXFileReference; fileEncoding = 4; lastKnownFileType = sourcecode.c.h; path = "NSString+NTFS_OSX.h"; sourceTree = "<group>"; };
		13904C681B2522C60055253A /* NSString+NTFS_OSX.m */ = {isa = PBXFileReference; fileEncoding = 4; lastKnownFileType = sourcecode.c.objc; path = "NSString+NTFS_OSX.m"; sourceTree = "<group>"; };
		13CDB3A01B1FF08D00A8A374 /* NTFS OS X.app */ = {isa = PBXFileReference; explicitFileType = wrapper.application; includeInIndex = 0; path = "NTFS OS X.app"; sourceTree = BUILT_PRODUCTS_DIR; };
		13CDB3A41B1FF08D00A8A374 /* Info.plist */ = {isa = PBXFileReference; lastKnownFileType = text.plist.xml; path = Info.plist; sourceTree = "<group>"; };
		13CDB3A51B1FF08D00A8A374 /* AppDelegate.h */ = {isa = PBXFileReference; lastKnownFileType = sourcecode.c.h; path = AppDelegate.h; sourceTree = "<group>"; };
		13CDB3A61B1FF08D00A8A374 /* AppDelegate.m */ = {isa = PBXFileReference; indentWidth = 4; lastKnownFileType = sourcecode.c.objc; path = AppDelegate.m; sourceTree = "<group>"; usesTabs = 0; };
		13CDB3A81B1FF08D00A8A374 /* main.m */ = {isa = PBXFileReference; lastKnownFileType = sourcecode.c.objc; path = main.m; sourceTree = "<group>"; };
		13CDB3AA1B1FF08D00A8A374 /* Images.xcassets */ = {isa = PBXFileReference; lastKnownFileType = folder.assetcatalog; path = Images.xcassets; sourceTree = "<group>"; };
		13CDB3B31B1FF08E00A8A374 /* NTFS-OSXTests.xctest */ = {isa = PBXFileReference; explicitFileType = wrapper.cfbundle; includeInIndex = 0; path = "NTFS-OSXTests.xctest"; sourceTree = BUILT_PRODUCTS_DIR; };
		13CDB3B81B1FF08E00A8A374 /* Info.plist */ = {isa = PBXFileReference; lastKnownFileType = text.plist.xml; path = Info.plist; sourceTree = "<group>"; };
		13CDB3B91B1FF08E00A8A374 /* NTFS_OSXTests.m */ = {isa = PBXFileReference; lastKnownFileType = sourcecode.c.objc; path = NTFS_OSXTests.m; sourceTree = "<group>"; };
		13CDB3C51B1FFA2D00A8A374 /* NTFSApp.h */ = {isa = PBXFileReference; fileEncoding = 4; lastKnownFileType = sourcecode.c.h; path = NTFSApp.h; sourceTree = "<group>"; };
		13CDB3C61B1FFA2D00A8A374 /* NTFSApp.m */ = {isa = PBXFileReference; fileEncoding = 4; lastKnownFileType = sourcecode.c.objc; path = NTFSApp.m; sourceTree = "<group>"; };
		13CDB3C81B1FFA6C00A8A374 /* en */ = {isa = PBXFileReference; lastKnownFileType = file.xib; name = en; path = en.lproj/MainMenu.xib; sourceTree = "<group>"; };
		13CDB3C91B1FFD4E00A8A374 /* ntfs_osx.png */ = {isa = PBXFileReference; lastKnownFileType = image.png; path = ntfs_osx.png; sourceTree = "<group>"; };
		9C1DA1851B26597000B596CB /* LaunchService.h */ = {isa = PBXFileReference; fileEncoding = 4; lastKnownFileType = sourcecode.c.h; path = LaunchService.h; sourceTree = "<group>"; };
		9C1DA1861B26597000B596CB /* LaunchService.m */ = {isa = PBXFileReference; fileEncoding = 4; lastKnownFileType = sourcecode.c.objc; path = LaunchService.m; sourceTree = "<group>"; };
		9C5A30061B28D9B300BE77C2 /* ProgressController.h */ = {isa = PBXFileReference; fileEncoding = 4; lastKnownFileType = sourcecode.c.h; path = ProgressController.h; sourceTree = "<group>"; };
		9C5A30071B28D9B300BE77C2 /* ProgressController.m */ = {isa = PBXFileReference; fileEncoding = 4; lastKnownFileType = sourcecode.c.objc; path = ProgressController.m; sourceTree = "<group>"; };
		9C5A30081B28D9B300BE77C2 /* ProgressController.xib */ = {isa = PBXFileReference; fileEncoding = 4; lastKnownFileType = file.xib; path = ProgressController.xib; sourceTree = "<group>"; };
		9C8CA2A71B275AF5009D4DA5 /* ServiceManagement.framework */ = {isa = PBXFileReference; lastKnownFileType = wrapper.framework; name = ServiceManagement.framework; path = System/Library/Frameworks/ServiceManagement.framework; sourceTree = SDKROOT; };
		9CC369F01B27719E002D535B /* Constants.h */ = {isa = PBXFileReference; fileEncoding = 4; lastKnownFileType = sourcecode.c.h; path = Constants.h; sourceTree = "<group>"; };
		9CC369F11B27719E002D535B /* Constants.m */ = {isa = PBXFileReference; fileEncoding = 4; lastKnownFileType = sourcecode.c.objc; path = Constants.m; sourceTree = "<group>"; };
		9CEDC6381B2250DD0008E929 /* Disk.h */ = {isa = PBXFileReference; fileEncoding = 4; lastKnownFileType = sourcecode.c.h; path = Disk.h; sourceTree = "<group>"; };
		9CEDC6391B2250DD0008E929 /* Disk.m */ = {isa = PBXFileReference; fileEncoding = 4; lastKnownFileType = sourcecode.c.objc; path = Disk.m; sourceTree = "<group>"; };
/* End PBXFileReference section */

/* Begin PBXFrameworksBuildPhase section */
		13CDB39D1B1FF08D00A8A374 /* Frameworks */ = {
			isa = PBXFrameworksBuildPhase;
			buildActionMask = 2147483647;
			files = (
				9C8CA2A81B275AF5009D4DA5 /* ServiceManagement.framework in Frameworks */,
			);
			runOnlyForDeploymentPostprocessing = 0;
		};
		13CDB3B01B1FF08E00A8A374 /* Frameworks */ = {
			isa = PBXFrameworksBuildPhase;
			buildActionMask = 2147483647;
			files = (
			);
			runOnlyForDeploymentPostprocessing = 0;
		};
/* End PBXFrameworksBuildPhase section */

/* Begin PBXGroup section */
		13904C611B2401830055253A /* STPrivilegedTask */ = {
			isa = PBXGroup;
			children = (
				13904C5D1B23F7AA0055253A /* STPrivilegedTask.h */,
				13904C5E1B23F7AA0055253A /* STPrivilegedTask.m */,
			);
			name = STPrivilegedTask;
			sourceTree = "<group>";
		};
		13904C6A1B2530EE0055253A /* Category */ = {
			isa = PBXGroup;
			children = (
				13904C671B2522C60055253A /* NSString+NTFS_OSX.h */,
				13904C681B2522C60055253A /* NSString+NTFS_OSX.m */,
			);
			name = Category;
			sourceTree = "<group>";
		};
		13CDB3971B1FF08D00A8A374 = {
			isa = PBXGroup;
			children = (
				13CDB3A21B1FF08D00A8A374 /* NTFS-OSX */,
				13CDB3B61B1FF08E00A8A374 /* NTFS-OSXTests */,
				13CDB3A11B1FF08D00A8A374 /* Products */,
			);
			sourceTree = "<group>";
		};
		13CDB3A11B1FF08D00A8A374 /* Products */ = {
			isa = PBXGroup;
			children = (
				13CDB3A01B1FF08D00A8A374 /* NTFS OS X.app */,
				13CDB3B31B1FF08E00A8A374 /* NTFS-OSXTests.xctest */,
			);
			name = Products;
			sourceTree = "<group>";
		};
		13CDB3A21B1FF08D00A8A374 /* NTFS-OSX */ = {
			isa = PBXGroup;
			children = (
				9C8CA2A61B275A28009D4DA5 /* Framework */,
				13CDB3C41B1FF8F000A8A374 /* Resources */,
				13CDB3C31B1FF88100A8A374 /* Source */,
			);
			path = "NTFS-OSX";
			sourceTree = "<group>";
		};
		13CDB3A31B1FF08D00A8A374 /* Other Sources */ = {
			isa = PBXGroup;
			children = (
				13904C611B2401830055253A /* STPrivilegedTask */,
				13904C5C1B22A5430055253A /* NTFS-OSX-Prefix.pch */,
				13CDB3A81B1FF08D00A8A374 /* main.m */,
			);
			name = "Other Sources";
			sourceTree = "<group>";
		};
		13CDB3B61B1FF08E00A8A374 /* NTFS-OSXTests */ = {
			isa = PBXGroup;
			children = (
				13CDB3B91B1FF08E00A8A374 /* NTFS_OSXTests.m */,
				13CDB3B71B1FF08E00A8A374 /* Supporting Files */,
			);
			path = "NTFS-OSXTests";
			sourceTree = "<group>";
		};
		13CDB3B71B1FF08E00A8A374 /* Supporting Files */ = {
			isa = PBXGroup;
			children = (
				13CDB3B81B1FF08E00A8A374 /* Info.plist */,
			);
			name = "Supporting Files";
			sourceTree = "<group>";
		};
		13CDB3C31B1FF88100A8A374 /* Source */ = {
			isa = PBXGroup;
			children = (
				13904C641B24B93E0055253A /* CommandLine.h */,
				13904C651B24B93E0055253A /* CommandLine.m */,
				13CDB3A51B1FF08D00A8A374 /* AppDelegate.h */,
				13CDB3A61B1FF08D00A8A374 /* AppDelegate.m */,
				13CDB3C51B1FFA2D00A8A374 /* NTFSApp.h */,
				13CDB3C61B1FFA2D00A8A374 /* NTFSApp.m */,
				13824BC51B215C2700EEE019 /* Preferences.h */,
				13824BC61B215C2700EEE019 /* Preferences.m */,
				13824BCB1B21DD2F00EEE019 /* Arbitration.h */,
				13824BCC1B21DD2F00EEE019 /* Arbitration.m */,
				9CEDC6381B2250DD0008E929 /* Disk.h */,
				9CEDC6391B2250DD0008E929 /* Disk.m */,
				13CDB3A31B1FF08D00A8A374 /* Other Sources */,
				13904C6A1B2530EE0055253A /* Category */,
				9C1DA1851B26597000B596CB /* LaunchService.h */,
				9C1DA1861B26597000B596CB /* LaunchService.m */,
				9CC369F01B27719E002D535B /* Constants.h */,
				9CC369F11B27719E002D535B /* Constants.m */,
				9C5A30061B28D9B300BE77C2 /* ProgressController.h */,
				9C5A30071B28D9B300BE77C2 /* ProgressController.m */,
				9C5A30081B28D9B300BE77C2 /* ProgressController.xib */,
			);
			name = Source;
			sourceTree = "<group>";
		};
		13CDB3C41B1FF8F000A8A374 /* Resources */ = {
			isa = PBXGroup;
			children = (
				13CDB3C91B1FFD4E00A8A374 /* ntfs_osx.png */,
				13CDB3A41B1FF08D00A8A374 /* Info.plist */,
				13CDB3AA1B1FF08D00A8A374 /* Images.xcassets */,
				13CDB3AC1B1FF08D00A8A374 /* MainMenu.xib */,
			);
			name = Resources;
			sourceTree = "<group>";
		};
		9C8CA2A61B275A28009D4DA5 /* Framework */ = {
			isa = PBXGroup;
			children = (
				9C8CA2A71B275AF5009D4DA5 /* ServiceManagement.framework */,
			);
			name = Framework;
			path = ..;
			sourceTree = "<group>";
		};
/* End PBXGroup section */

/* Begin PBXNativeTarget section */
		13CDB39F1B1FF08D00A8A374 /* NTFS-OSX */ = {
			isa = PBXNativeTarget;
			buildConfigurationList = 13CDB3BD1B1FF08E00A8A374 /* Build configuration list for PBXNativeTarget "NTFS-OSX" */;
			buildPhases = (
				13CDB39C1B1FF08D00A8A374 /* Sources */,
				13CDB39D1B1FF08D00A8A374 /* Frameworks */,
				13CDB39E1B1FF08D00A8A374 /* Resources */,
			);
			buildRules = (
			);
			dependencies = (
			);
			name = "NTFS-OSX";
			productName = "NTFS-OSX";
			productReference = 13CDB3A01B1FF08D00A8A374 /* NTFS OS X.app */;
			productType = "com.apple.product-type.application";
		};
		13CDB3B21B1FF08E00A8A374 /* NTFS-OSXTests */ = {
			isa = PBXNativeTarget;
			buildConfigurationList = 13CDB3C01B1FF08E00A8A374 /* Build configuration list for PBXNativeTarget "NTFS-OSXTests" */;
			buildPhases = (
				13CDB3AF1B1FF08E00A8A374 /* Sources */,
				13CDB3B01B1FF08E00A8A374 /* Frameworks */,
				13CDB3B11B1FF08E00A8A374 /* Resources */,
			);
			buildRules = (
			);
			dependencies = (
				13CDB3B51B1FF08E00A8A374 /* PBXTargetDependency */,
			);
			name = "NTFS-OSXTests";
			productName = "NTFS-OSXTests";
			productReference = 13CDB3B31B1FF08E00A8A374 /* NTFS-OSXTests.xctest */;
			productType = "com.apple.product-type.bundle.unit-test";
		};
/* End PBXNativeTarget section */

/* Begin PBXProject section */
		13CDB3981B1FF08D00A8A374 /* Project object */ = {
			isa = PBXProject;
			attributes = {
				CLASSPREFIX = "";
				LastUpgradeCheck = 0630;
				ORGANIZATIONNAME = myjeeva.com;
				TargetAttributes = {
					13CDB39F1B1FF08D00A8A374 = {
						CreatedOnToolsVersion = 6.3.2;
					};
					13CDB3B21B1FF08E00A8A374 = {
						CreatedOnToolsVersion = 6.3.2;
						TestTargetID = 13CDB39F1B1FF08D00A8A374;
					};
				};
			};
			buildConfigurationList = 13CDB39B1B1FF08D00A8A374 /* Build configuration list for PBXProject "NTFS-OSX" */;
			compatibilityVersion = "Xcode 3.2";
			developmentRegion = English;
			hasScannedForEncodings = 0;
			knownRegions = (
				en,
			);
			mainGroup = 13CDB3971B1FF08D00A8A374;
			productRefGroup = 13CDB3A11B1FF08D00A8A374 /* Products */;
			projectDirPath = "";
			projectRoot = "";
			targets = (
				13CDB39F1B1FF08D00A8A374 /* NTFS-OSX */,
				13CDB3B21B1FF08E00A8A374 /* NTFS-OSXTests */,
			);
		};
/* End PBXProject section */

/* Begin PBXResourcesBuildPhase section */
		13CDB39E1B1FF08D00A8A374 /* Resources */ = {
			isa = PBXResourcesBuildPhase;
			buildActionMask = 2147483647;
			files = (
				9C5A300A1B28D9B300BE77C2 /* ProgressController.xib in Resources */,
				13CDB3CA1B1FFD4E00A8A374 /* ntfs_osx.png in Resources */,
				13CDB3AB1B1FF08D00A8A374 /* Images.xcassets in Resources */,
				13CDB3AE1B1FF08D00A8A374 /* MainMenu.xib in Resources */,
			);
			runOnlyForDeploymentPostprocessing = 0;
		};
		13CDB3B11B1FF08E00A8A374 /* Resources */ = {
			isa = PBXResourcesBuildPhase;
			buildActionMask = 2147483647;
			files = (
			);
			runOnlyForDeploymentPostprocessing = 0;
		};
/* End PBXResourcesBuildPhase section */

/* Begin PBXSourcesBuildPhase section */
		13CDB39C1B1FF08D00A8A374 /* Sources */ = {
			isa = PBXSourcesBuildPhase;
			buildActionMask = 2147483647;
			files = (
				9C5A30091B28D9B300BE77C2 /* ProgressController.m in Sources */,
				9CC369F21B27719E002D535B /* Constants.m in Sources */,
				13824BCD1B21DD2F00EEE019 /* Arbitration.m in Sources */,
				13CDB3A91B1FF08D00A8A374 /* main.m in Sources */,
				13904C5F1B23F7AA0055253A /* STPrivilegedTask.m in Sources */,
				13824BC71B215C2700EEE019 /* Preferences.m in Sources */,
				13CDB3C71B1FFA2D00A8A374 /* NTFSApp.m in Sources */,
				13CDB3A71B1FF08D00A8A374 /* AppDelegate.m in Sources */,
				9CEDC63A1B2250DD0008E929 /* Disk.m in Sources */,
				13904C661B24B93E0055253A /* CommandLine.m in Sources */,
				9C1DA1871B26597000B596CB /* LaunchService.m in Sources */,
				13904C691B2522C60055253A /* NSString+NTFS_OSX.m in Sources */,
			);
			runOnlyForDeploymentPostprocessing = 0;
		};
		13CDB3AF1B1FF08E00A8A374 /* Sources */ = {
			isa = PBXSourcesBuildPhase;
			buildActionMask = 2147483647;
			files = (
				13CDB3BA1B1FF08E00A8A374 /* NTFS_OSXTests.m in Sources */,
			);
			runOnlyForDeploymentPostprocessing = 0;
		};
/* End PBXSourcesBuildPhase section */

/* Begin PBXTargetDependency section */
		13CDB3B51B1FF08E00A8A374 /* PBXTargetDependency */ = {
			isa = PBXTargetDependency;
			target = 13CDB39F1B1FF08D00A8A374 /* NTFS-OSX */;
			targetProxy = 13CDB3B41B1FF08E00A8A374 /* PBXContainerItemProxy */;
		};
/* End PBXTargetDependency section */

/* Begin PBXVariantGroup section */
		13CDB3AC1B1FF08D00A8A374 /* MainMenu.xib */ = {
			isa = PBXVariantGroup;
			children = (
				13CDB3C81B1FFA6C00A8A374 /* en */,
			);
			name = MainMenu.xib;
			sourceTree = "<group>";
		};
/* End PBXVariantGroup section */

/* Begin XCBuildConfiguration section */
		13CDB3BB1B1FF08E00A8A374 /* Debug */ = {
			isa = XCBuildConfiguration;
			buildSettings = {
				ALWAYS_SEARCH_USER_PATHS = NO;
				CLANG_CXX_LANGUAGE_STANDARD = "gnu++0x";
				CLANG_CXX_LIBRARY = "libc++";
				CLANG_ENABLE_MODULES = YES;
				CLANG_ENABLE_OBJC_ARC = YES;
				CLANG_WARN_BOOL_CONVERSION = YES;
				CLANG_WARN_CONSTANT_CONVERSION = YES;
				CLANG_WARN_DIRECT_OBJC_ISA_USAGE = YES_ERROR;
				CLANG_WARN_EMPTY_BODY = YES;
				CLANG_WARN_ENUM_CONVERSION = YES;
				CLANG_WARN_INT_CONVERSION = YES;
				CLANG_WARN_OBJC_ROOT_CLASS = YES_ERROR;
				CLANG_WARN_UNREACHABLE_CODE = YES;
				CLANG_WARN__DUPLICATE_METHOD_MATCH = YES;
				CODE_SIGN_IDENTITY = "-";
				COPY_PHASE_STRIP = NO;
				DEBUG_INFORMATION_FORMAT = dwarf;
				ENABLE_STRICT_OBJC_MSGSEND = YES;
				GCC_C_LANGUAGE_STANDARD = gnu99;
				GCC_DYNAMIC_NO_PIC = NO;
				GCC_NO_COMMON_BLOCKS = YES;
				GCC_OPTIMIZATION_LEVEL = 0;
				GCC_PRECOMPILE_PREFIX_HEADER = YES;
				GCC_PREFIX_HEADER = "NTFS-OSX/NTFS-OSX-Prefix.pch";
				GCC_PREPROCESSOR_DEFINITIONS = (
					"DEBUG=1",
					"$(inherited)",
				);
				GCC_SYMBOLS_PRIVATE_EXTERN = NO;
				GCC_WARN_64_TO_32_BIT_CONVERSION = YES;
				GCC_WARN_ABOUT_RETURN_TYPE = YES_ERROR;
				GCC_WARN_UNDECLARED_SELECTOR = YES;
				GCC_WARN_UNINITIALIZED_AUTOS = YES_AGGRESSIVE;
				GCC_WARN_UNUSED_FUNCTION = YES;
				GCC_WARN_UNUSED_VARIABLE = YES;
				MACOSX_DEPLOYMENT_TARGET = 10.7;
				MTL_ENABLE_DEBUG_INFO = YES;
				ONLY_ACTIVE_ARCH = YES;
				PRODUCT_NAME = "NTFS OS X";
				SDKROOT = macosx;
			};
			name = Debug;
		};
		13CDB3BC1B1FF08E00A8A374 /* Release */ = {
			isa = XCBuildConfiguration;
			buildSettings = {
				ALWAYS_SEARCH_USER_PATHS = NO;
				CLANG_CXX_LANGUAGE_STANDARD = "gnu++0x";
				CLANG_CXX_LIBRARY = "libc++";
				CLANG_ENABLE_MODULES = YES;
				CLANG_ENABLE_OBJC_ARC = YES;
				CLANG_WARN_BOOL_CONVERSION = YES;
				CLANG_WARN_CONSTANT_CONVERSION = YES;
				CLANG_WARN_DIRECT_OBJC_ISA_USAGE = YES_ERROR;
				CLANG_WARN_EMPTY_BODY = YES;
				CLANG_WARN_ENUM_CONVERSION = YES;
				CLANG_WARN_INT_CONVERSION = YES;
				CLANG_WARN_OBJC_ROOT_CLASS = YES_ERROR;
				CLANG_WARN_UNREACHABLE_CODE = YES;
				CLANG_WARN__DUPLICATE_METHOD_MATCH = YES;
				CODE_SIGN_IDENTITY = "-";
				COPY_PHASE_STRIP = NO;
				DEBUG_INFORMATION_FORMAT = "dwarf-with-dsym";
				ENABLE_NS_ASSERTIONS = NO;
				ENABLE_STRICT_OBJC_MSGSEND = YES;
				GCC_C_LANGUAGE_STANDARD = gnu99;
				GCC_NO_COMMON_BLOCKS = YES;
				GCC_PRECOMPILE_PREFIX_HEADER = YES;
				GCC_PREFIX_HEADER = "NTFS-OSX/NTFS-OSX-Prefix.pch";
				GCC_WARN_64_TO_32_BIT_CONVERSION = YES;
				GCC_WARN_ABOUT_RETURN_TYPE = YES_ERROR;
				GCC_WARN_UNDECLARED_SELECTOR = YES;
				GCC_WARN_UNINITIALIZED_AUTOS = YES_AGGRESSIVE;
				GCC_WARN_UNUSED_FUNCTION = YES;
				GCC_WARN_UNUSED_VARIABLE = YES;
				MACOSX_DEPLOYMENT_TARGET = 10.7;
				MTL_ENABLE_DEBUG_INFO = NO;
				PRODUCT_NAME = "NTFS OS X";
				SDKROOT = macosx;
			};
			name = Release;
		};
		13CDB3BE1B1FF08E00A8A374 /* Debug */ = {
			isa = XCBuildConfiguration;
			buildSettings = {
				ASSETCATALOG_COMPILER_APPICON_NAME = AppIcon;
				COMBINE_HIDPI_IMAGES = YES;
				INFOPLIST_FILE = "NTFS-OSX/Info.plist";
				LD_RUNPATH_SEARCH_PATHS = "$(inherited) @executable_path/../Frameworks";
				MACOSX_DEPLOYMENT_TARGET = 10.7;
				PRODUCT_NAME = "NTFS OS X";
			};
			name = Debug;
		};
		13CDB3BF1B1FF08E00A8A374 /* Release */ = {
			isa = XCBuildConfiguration;
			buildSettings = {
				ASSETCATALOG_COMPILER_APPICON_NAME = AppIcon;
				COMBINE_HIDPI_IMAGES = YES;
				INFOPLIST_FILE = "NTFS-OSX/Info.plist";
				LD_RUNPATH_SEARCH_PATHS = "$(inherited) @executable_path/../Frameworks";
				MACOSX_DEPLOYMENT_TARGET = 10.7;
				PRODUCT_NAME = "NTFS OS X";
			};
			name = Release;
		};
		13CDB3C11B1FF08E00A8A374 /* Debug */ = {
			isa = XCBuildConfiguration;
			buildSettings = {
				BUNDLE_LOADER = "$(TEST_HOST)";
				COMBINE_HIDPI_IMAGES = YES;
				FRAMEWORK_SEARCH_PATHS = (
					"$(DEVELOPER_FRAMEWORKS_DIR)",
					"$(inherited)",
				);
				GCC_PREPROCESSOR_DEFINITIONS = (
					"DEBUG=1",
					"$(inherited)",
				);
				INFOPLIST_FILE = "NTFS-OSXTests/Info.plist";
				LD_RUNPATH_SEARCH_PATHS = "$(inherited) @executable_path/../Frameworks @loader_path/../Frameworks";
				PRODUCT_NAME = "$(TARGET_NAME)";
				TEST_HOST = "$(BUILT_PRODUCTS_DIR)/NTFS OS X.app/Contents/MacOS/NTFS OS X";
			};
			name = Debug;
		};
		13CDB3C21B1FF08E00A8A374 /* Release */ = {
			isa = XCBuildConfiguration;
			buildSettings = {
				BUNDLE_LOADER = "$(TEST_HOST)";
				COMBINE_HIDPI_IMAGES = YES;
				FRAMEWORK_SEARCH_PATHS = (
					"$(DEVELOPER_FRAMEWORKS_DIR)",
					"$(inherited)",
				);
				INFOPLIST_FILE = "NTFS-OSXTests/Info.plist";
				LD_RUNPATH_SEARCH_PATHS = "$(inherited) @executable_path/../Frameworks @loader_path/../Frameworks";
				PRODUCT_NAME = "$(TARGET_NAME)";
				TEST_HOST = "$(BUILT_PRODUCTS_DIR)/NTFS OS X.app/Contents/MacOS/NTFS OS X";
			};
			name = Release;
		};
/* End XCBuildConfiguration section */

/* Begin XCConfigurationList section */
		13CDB39B1B1FF08D00A8A374 /* Build configuration list for PBXProject "NTFS-OSX" */ = {
			isa = XCConfigurationList;
			buildConfigurations = (
				13CDB3BB1B1FF08E00A8A374 /* Debug */,
				13CDB3BC1B1FF08E00A8A374 /* Release */,
			);
			defaultConfigurationIsVisible = 0;
			defaultConfigurationName = Release;
		};
		13CDB3BD1B1FF08E00A8A374 /* Build configuration list for PBXNativeTarget "NTFS-OSX" */ = {
			isa = XCConfigurationList;
			buildConfigurations = (
				13CDB3BE1B1FF08E00A8A374 /* Debug */,
				13CDB3BF1B1FF08E00A8A374 /* Release */,
			);
			defaultConfigurationIsVisible = 0;
			defaultConfigurationName = Release;
		};
		13CDB3C01B1FF08E00A8A374 /* Build configuration list for PBXNativeTarget "NTFS-OSXTests" */ = {
			isa = XCConfigurationList;
			buildConfigurations = (
				13CDB3C11B1FF08E00A8A374 /* Debug */,
				13CDB3C21B1FF08E00A8A374 /* Release */,
			);
			defaultConfigurationIsVisible = 0;
			defaultConfigurationName = Release;
		};
/* End XCConfigurationList section */
	};
	rootObject = 13CDB3981B1FF08D00A8A374 /* Project object */;
}
